
Microsoft Visual Studio Solution File, Format Version 12.00
# Visual Studio Version 17
VisualStudioVersion = 17.0.31903.59
MinimumVisualStudioVersion = 10.0.40219.1
Project("{F2A71F9B-5D33-465A-A702-920D77279786}") = "DiaryWeb", "src\DiaryWeb.fsproj", "{B063715D-38E5-4FE5-95EF-549B90EA2A20}"
EndProject
Global
	GlobalSection(SolutionConfigurationPlatforms) = preSolution
		Debug|Any CPU = Debug|Any CPU
		Release|Any CPU = Release|Any CPU
	EndGlobalSection
	GlobalSection(SolutionProperties) = preSolution
		HideSolutionNode = FALSE
	EndGlobalSection
	GlobalSection(ProjectConfigurationPlatforms) = postSolution
		{B063715D-38E5-4FE5-95EF-549B90EA2A20}.Debug|Any CPU.ActiveCfg = Debug|Any CPU
		{B063715D-38E5-4FE5-95EF-549B90EA2A20}.Debug|Any CPU.Build.0 = Debug|Any CPU
		{B063715D-38E5-4FE5-95EF-549B90EA2A20}.Release|Any CPU.ActiveCfg = Release|Any CPU
		{B063715D-38E5-4FE5-95EF-549B90EA2A20}.Release|Any CPU.Build.0 = Release|Any CPU
	EndGlobalSection
EndGlobal
